// !$*UTF8*$!
{
	archiveVersion = 1;
	classes = {
	};
	objectVersion = 46;
	objects = {

/* Begin PBXAggregateTarget section */
		457941040D82219400EB2D22 /* All */ = {
			isa = PBXAggregateTarget;
			buildConfigurationList = 4579410B0D8221C000EB2D22 /* Build configuration list for PBXAggregateTarget "All" */;
			buildPhases = (
			);
			dependencies = (
				457941080D82219E00EB2D22 /* PBXTargetDependency */,
				4579410A0D8221A100EB2D22 /* PBXTargetDependency */,
				451E6F711152F68B0024ABA5 /* PBXTargetDependency */,
			);
			name = All;
			productName = All;
		};
/* End PBXAggregateTarget section */

/* Begin PBXBuildFile section */
		030E2698120115B3008B53A4 /* NamespaceTests.m in Sources */ = {isa = PBXBuildFile; fileRef = 030E2697120115B3008B53A4 /* NamespaceTests.m */; };
		1B0E823B1563882000825E3C /* Foundation.framework in Frameworks */ = {isa = PBXBuildFile; fileRef = 1D30AB110D05D00D00671497 /* Foundation.framework */; };
		1B0E82411563882000825E3C /* TouchXMLiOS.m in Sources */ = {isa = PBXBuildFile; fileRef = 1B0E82401563882000825E3C /* TouchXMLiOS.m */; };
		45045CA8121E47ED00BD4662 /* CXMLNode_Debugging.m in Sources */ = {isa = PBXBuildFile; fileRef = 45045CA5121E47ED00BD4662 /* CXMLNode_Debugging.m */; };
		45045CA9121E47ED00BD4662 /* main.m in Sources */ = {isa = PBXBuildFile; fileRef = 45045CA6121E47ED00BD4662 /* main.m */; };
		451E6E4A1152EB9F0024ABA5 /* main.m in Sources */ = {isa = PBXBuildFile; fileRef = 451E6E491152EB9F0024ABA5 /* main.m */; };
		451E6E4C1152EBB60024ABA5 /* Cocoa.framework in Frameworks */ = {isa = PBXBuildFile; fileRef = 451E6E4B1152EBB60024ABA5 /* Cocoa.framework */; };
		451E6EE31152EBF70024ABA5 /* MainMenu.xib in Resources */ = {isa = PBXBuildFile; fileRef = 451E6EE21152EBF70024ABA5 /* MainMenu.xib */; };
		451E6EFD1152EC5B0024ABA5 /* CMainController.m in Sources */ = {isa = PBXBuildFile; fileRef = 451E6EFC1152EC5B0024ABA5 /* CMainController.m */; };
		4526F4B40FBB52C200781DD8 /* EncodingTests.m in Sources */ = {isa = PBXBuildFile; fileRef = 4526F4B30FBB52C200781DD8 /* EncodingTests.m */; };
		456A5ED10D9F4E4800D1D9CE /* SenTestingKit.framework in Frameworks */ = {isa = PBXBuildFile; fileRef = 456A5ED00D9F4E4800D1D9CE /* SenTestingKit.framework */; };
		456A848D0D81DB25000E29C9 /* Foundation.framework in Frameworks */ = {isa = PBXBuildFile; fileRef = 1D30AB110D05D00D00671497 /* Foundation.framework */; };
		457941220D8222CD00EB2D22 /* BasicTests.m in Sources */ = {isa = PBXBuildFile; fileRef = 457941210D8222CD00EB2D22 /* BasicTests.m */; };
		457941650D82264700EB2D22 /* Foundation.framework in Frameworks */ = {isa = PBXBuildFile; fileRef = 1D30AB110D05D00D00671497 /* Foundation.framework */; };
		457943950D8248DC00EB2D22 /* XPath_Tests.m in Sources */ = {isa = PBXBuildFile; fileRef = 457943940D8248DC00EB2D22 /* XPath_Tests.m */; };
		7E59D2ED1585E91C00D6192D /* CXHTMLDocument.h in Headers */ = {isa = PBXBuildFile; fileRef = 7E59D2D81585E91B00D6192D /* CXHTMLDocument.h */; };
		7E59D2EE1585E91C00D6192D /* CXHTMLDocument.m in Sources */ = {isa = PBXBuildFile; fileRef = 7E59D2D91585E91B00D6192D /* CXHTMLDocument.m */; };
		7E59D2EF1585E91C00D6192D /* CXMLDocument_PrivateExtensions.h in Headers */ = {isa = PBXBuildFile; fileRef = 7E59D2DA1585E91B00D6192D /* CXMLDocument_PrivateExtensions.h */; };
		7E59D2F01585E91C00D6192D /* CXMLDocument_PrivateExtensions.m in Sources */ = {isa = PBXBuildFile; fileRef = 7E59D2DB1585E91B00D6192D /* CXMLDocument_PrivateExtensions.m */; };
		7E59D2F11585E91C00D6192D /* CXMLDocument.h in Headers */ = {isa = PBXBuildFile; fileRef = 7E59D2DC1585E91B00D6192D /* CXMLDocument.h */; };
		7E59D2F21585E91C00D6192D /* CXMLDocument.m in Sources */ = {isa = PBXBuildFile; fileRef = 7E59D2DD1585E91B00D6192D /* CXMLDocument.m */; };
		7E59D2F31585E91C00D6192D /* CXMLElement_CreationExtensions.h in Headers */ = {isa = PBXBuildFile; fileRef = 7E59D2DE1585E91B00D6192D /* CXMLElement_CreationExtensions.h */; };
		7E59D2F41585E91C00D6192D /* CXMLElement_CreationExtensions.m in Sources */ = {isa = PBXBuildFile; fileRef = 7E59D2DF1585E91B00D6192D /* CXMLElement_CreationExtensions.m */; };
		7E59D2F51585E91C00D6192D /* CXMLElement_ElementTreeExtensions.h in Headers */ = {isa = PBXBuildFile; fileRef = 7E59D2E01585E91C00D6192D /* CXMLElement_ElementTreeExtensions.h */; };
		7E59D2F61585E91C00D6192D /* CXMLElement_ElementTreeExtensions.m in Sources */ = {isa = PBXBuildFile; fileRef = 7E59D2E11585E91C00D6192D /* CXMLElement_ElementTreeExtensions.m */; };
		7E59D2F71585E91C00D6192D /* CXMLElement.h in Headers */ = {isa = PBXBuildFile; fileRef = 7E59D2E21585E91C00D6192D /* CXMLElement.h */; };
		7E59D2F81585E91C00D6192D /* CXMLElement.m in Sources */ = {isa = PBXBuildFile; fileRef = 7E59D2E31585E91C00D6192D /* CXMLElement.m */; };
		7E59D2F91585E91C00D6192D /* CXMLNamespaceNode.h in Headers */ = {isa = PBXBuildFile; fileRef = 7E59D2E41585E91C00D6192D /* CXMLNamespaceNode.h */; };
		7E59D2FA1585E91C00D6192D /* CXMLNamespaceNode.m in Sources */ = {isa = PBXBuildFile; fileRef = 7E59D2E51585E91C00D6192D /* CXMLNamespaceNode.m */; };
		7E59D2FB1585E91C00D6192D /* CXMLNode_PrivateExtensions.h in Headers */ = {isa = PBXBuildFile; fileRef = 7E59D2E61585E91C00D6192D /* CXMLNode_PrivateExtensions.h */; };
		7E59D2FC1585E91C00D6192D /* CXMLNode_PrivateExtensions.m in Sources */ = {isa = PBXBuildFile; fileRef = 7E59D2E71585E91C00D6192D /* CXMLNode_PrivateExtensions.m */; };
		7E59D2FD1585E91C00D6192D /* CXMLNode_XPathExtensions.h in Headers */ = {isa = PBXBuildFile; fileRef = 7E59D2E81585E91C00D6192D /* CXMLNode_XPathExtensions.h */; };
		7E59D2FE1585E91C00D6192D /* CXMLNode_XPathExtensions.m in Sources */ = {isa = PBXBuildFile; fileRef = 7E59D2E91585E91C00D6192D /* CXMLNode_XPathExtensions.m */; };
		7E59D2FF1585E91C00D6192D /* CXMLNode.h in Headers */ = {isa = PBXBuildFile; fileRef = 7E59D2EA1585E91C00D6192D /* CXMLNode.h */; };
		7E59D3001585E91C00D6192D /* CXMLNode.m in Sources */ = {isa = PBXBuildFile; fileRef = 7E59D2EB1585E91C00D6192D /* CXMLNode.m */; };
		7E59D3011585E91C00D6192D /* TouchXML.h in Headers */ = {isa = PBXBuildFile; fileRef = 7E59D2EC1585E91C00D6192D /* TouchXML.h */; };
		7E59D3071585E93000D6192D /* CXMLDocument_CreationExtensions.h in Headers */ = {isa = PBXBuildFile; fileRef = 7E59D3031585E93000D6192D /* CXMLDocument_CreationExtensions.h */; };
		7E59D3081585E93000D6192D /* CXMLDocument_CreationExtensions.m in Sources */ = {isa = PBXBuildFile; fileRef = 7E59D3041585E93000D6192D /* CXMLDocument_CreationExtensions.m */; };
		7E59D3091585E93000D6192D /* CXMLNode_CreationExtensions.h in Headers */ = {isa = PBXBuildFile; fileRef = 7E59D3051585E93000D6192D /* CXMLNode_CreationExtensions.h */; };
		7E59D30A1585E93000D6192D /* CXMLNode_CreationExtensions.m in Sources */ = {isa = PBXBuildFile; fileRef = 7E59D3061585E93000D6192D /* CXMLNode_CreationExtensions.m */; };
		7E59D30D1585E93C00D6192D /* CTidy.h in Headers */ = {isa = PBXBuildFile; fileRef = 7E59D30B1585E93C00D6192D /* CTidy.h */; };
		7E59D30E1585E93C00D6192D /* CTidy.m in Sources */ = {isa = PBXBuildFile; fileRef = 7E59D30C1585E93C00D6192D /* CTidy.m */; };
/* End PBXBuildFile section */

/* Begin PBXContainerItemProxy section */
		451E6F701152F68B0024ABA5 /* PBXContainerItemProxy */ = {
			isa = PBXContainerItemProxy;
			containerPortal = 29B97313FDCFA39411CA2CEA /* Project object */;
			proxyType = 1;
			remoteGlobalIDString = 451E6E301152EB4A0024ABA5;
			remoteInfo = Validator;
		};
		457941070D82219E00EB2D22 /* PBXContainerItemProxy */ = {
			isa = PBXContainerItemProxy;
			containerPortal = 29B97313FDCFA39411CA2CEA /* Project object */;
			proxyType = 1;
			remoteGlobalIDString = 456A848A0D81DB06000E29C9;
			remoteInfo = TouchXML_Demo;
		};
		457941090D8221A100EB2D22 /* PBXContainerItemProxy */ = {
			isa = PBXContainerItemProxy;
			containerPortal = 29B97313FDCFA39411CA2CEA /* Project object */;
			proxyType = 1;
			remoteGlobalIDString = 457940FE0D82217800EB2D22;
			remoteInfo = TouchXML_UnitTests;
		};
/* End PBXContainerItemProxy section */

/* Begin PBXFileReference section */
		030E2696120115B3008B53A4 /* NamespaceTests.h */ = {isa = PBXFileReference; fileEncoding = 4; lastKnownFileType = sourcecode.c.h; path = NamespaceTests.h; sourceTree = "<group>"; };
		030E2697120115B3008B53A4 /* NamespaceTests.m */ = {isa = PBXFileReference; fileEncoding = 4; lastKnownFileType = sourcecode.c.objc; path = NamespaceTests.m; sourceTree = "<group>"; };
		1B0E823A1563882000825E3C /* libTouchXMLiOS.a */ = {isa = PBXFileReference; explicitFileType = archive.ar; includeInIndex = 0; path = libTouchXMLiOS.a; sourceTree = BUILT_PRODUCTS_DIR; };
		1B0E823E1563882000825E3C /* TouchXMLiOS-Prefix.pch */ = {isa = PBXFileReference; lastKnownFileType = sourcecode.c.h; path = "TouchXMLiOS-Prefix.pch"; sourceTree = "<group>"; };
		1B0E823F1563882000825E3C /* TouchXMLiOS.h */ = {isa = PBXFileReference; lastKnownFileType = sourcecode.c.h; path = TouchXMLiOS.h; sourceTree = "<group>"; };
		1B0E82401563882000825E3C /* TouchXMLiOS.m */ = {isa = PBXFileReference; lastKnownFileType = sourcecode.c.objc; path = TouchXMLiOS.m; sourceTree = "<group>"; };
		1D30AB110D05D00D00671497 /* Foundation.framework */ = {isa = PBXFileReference; lastKnownFileType = wrapper.framework; name = Foundation.framework; path = System/Library/Frameworks/Foundation.framework; sourceTree = SDKROOT; };
		45045CA4121E47ED00BD4662 /* CXMLNode_Debugging.h */ = {isa = PBXFileReference; fileEncoding = 4; lastKnownFileType = sourcecode.c.h; path = CXMLNode_Debugging.h; sourceTree = "<group>"; };
		45045CA5121E47ED00BD4662 /* CXMLNode_Debugging.m */ = {isa = PBXFileReference; fileEncoding = 4; lastKnownFileType = sourcecode.c.objc; path = CXMLNode_Debugging.m; sourceTree = "<group>"; };
		45045CA6121E47ED00BD4662 /* main.m */ = {isa = PBXFileReference; fileEncoding = 4; lastKnownFileType = sourcecode.c.objc; path = main.m; sourceTree = "<group>"; };
		45045CA7121E47ED00BD4662 /* Prefix.pch */ = {isa = PBXFileReference; fileEncoding = 4; lastKnownFileType = sourcecode.c.h; path = Prefix.pch; sourceTree = "<group>"; };
		451E6E311152EB4A0024ABA5 /* Validator.app */ = {isa = PBXFileReference; explicitFileType = wrapper.application; includeInIndex = 0; path = Validator.app; sourceTree = BUILT_PRODUCTS_DIR; };
		451E6E451152EB790024ABA5 /* Info.plist */ = {isa = PBXFileReference; fileEncoding = 4; lastKnownFileType = text.plist.xml; path = Info.plist; sourceTree = "<group>"; };
		451E6E491152EB9F0024ABA5 /* main.m */ = {isa = PBXFileReference; fileEncoding = 4; lastKnownFileType = sourcecode.c.objc; path = main.m; sourceTree = "<group>"; };
		451E6E4B1152EBB60024ABA5 /* Cocoa.framework */ = {isa = PBXFileReference; lastKnownFileType = wrapper.framework; name = Cocoa.framework; path = System/Library/Frameworks/Cocoa.framework; sourceTree = SDKROOT; };
		451E6EE21152EBF70024ABA5 /* MainMenu.xib */ = {isa = PBXFileReference; lastKnownFileType = file.xib; path = MainMenu.xib; sourceTree = "<group>"; };
		451E6EFB1152EC5B0024ABA5 /* CMainController.h */ = {isa = PBXFileReference; fileEncoding = 4; lastKnownFileType = sourcecode.c.h; path = CMainController.h; sourceTree = "<group>"; };
		451E6EFC1152EC5B0024ABA5 /* CMainController.m */ = {isa = PBXFileReference; fileEncoding = 4; lastKnownFileType = sourcecode.c.objc; path = CMainController.m; sourceTree = "<group>"; };
		4526F4B20FBB52C200781DD8 /* EncodingTests.h */ = {isa = PBXFileReference; fileEncoding = 4; lastKnownFileType = sourcecode.c.h; path = EncodingTests.h; sourceTree = "<group>"; };
		4526F4B30FBB52C200781DD8 /* EncodingTests.m */ = {isa = PBXFileReference; fileEncoding = 4; lastKnownFileType = sourcecode.c.objc; path = EncodingTests.m; sourceTree = "<group>"; };
		456A5ED00D9F4E4800D1D9CE /* SenTestingKit.framework */ = {isa = PBXFileReference; lastKnownFileType = wrapper.framework; name = SenTestingKit.framework; path = Library/Frameworks/SenTestingKit.framework; sourceTree = DEVELOPER_DIR; };
		457940FF0D82217800EB2D22 /* TouchXML_UnitTests.octest */ = {isa = PBXFileReference; explicitFileType = wrapper.cfbundle; includeInIndex = 0; path = TouchXML_UnitTests.octest; sourceTree = BUILT_PRODUCTS_DIR; };
		457941200D8222CD00EB2D22 /* BasicTests.h */ = {isa = PBXFileReference; fileEncoding = 4; lastKnownFileType = sourcecode.c.h; path = BasicTests.h; sourceTree = "<group>"; };
		457941210D8222CD00EB2D22 /* BasicTests.m */ = {isa = PBXFileReference; fileEncoding = 4; lastKnownFileType = sourcecode.c.objc; path = BasicTests.m; sourceTree = "<group>"; };
		457941580D8225FC00EB2D22 /* Info.plist */ = {isa = PBXFileReference; fileEncoding = 4; lastKnownFileType = text.plist.xml; path = Info.plist; sourceTree = "<group>"; };
		457943930D8248DC00EB2D22 /* XPath_Tests.h */ = {isa = PBXFileReference; fileEncoding = 4; lastKnownFileType = sourcecode.c.h; path = XPath_Tests.h; sourceTree = "<group>"; };
		457943940D8248DC00EB2D22 /* XPath_Tests.m */ = {isa = PBXFileReference; fileEncoding = 4; lastKnownFileType = sourcecode.c.objc; path = XPath_Tests.m; sourceTree = "<group>"; };
		458CE9010F9C0C3D009EF591 /* Prefix.pch */ = {isa = PBXFileReference; fileEncoding = 4; lastKnownFileType = sourcecode.c.h; path = Prefix.pch; sourceTree = "<group>"; };
		458CE9190F9C0CE6009EF591 /* TidyTests.h */ = {isa = PBXFileReference; fileEncoding = 4; lastKnownFileType = sourcecode.c.h; path = TidyTests.h; sourceTree = "<group>"; };
		458CE91A0F9C0CE6009EF591 /* TidyTests.m */ = {isa = PBXFileReference; fileEncoding = 4; lastKnownFileType = sourcecode.c.objc; path = TidyTests.m; sourceTree = "<group>"; };
		7E59D2D81585E91B00D6192D /* CXHTMLDocument.h */ = {isa = PBXFileReference; fileEncoding = 4; lastKnownFileType = sourcecode.c.h; name = CXHTMLDocument.h; path = TouchXML/CXHTMLDocument.h; sourceTree = SOURCE_ROOT; };
		7E59D2D91585E91B00D6192D /* CXHTMLDocument.m */ = {isa = PBXFileReference; fileEncoding = 4; lastKnownFileType = sourcecode.c.objc; name = CXHTMLDocument.m; path = TouchXML/CXHTMLDocument.m; sourceTree = SOURCE_ROOT; };
		7E59D2DA1585E91B00D6192D /* CXMLDocument_PrivateExtensions.h */ = {isa = PBXFileReference; fileEncoding = 4; lastKnownFileType = sourcecode.c.h; name = CXMLDocument_PrivateExtensions.h; path = TouchXML/CXMLDocument_PrivateExtensions.h; sourceTree = SOURCE_ROOT; };
		7E59D2DB1585E91B00D6192D /* CXMLDocument_PrivateExtensions.m */ = {isa = PBXFileReference; fileEncoding = 4; lastKnownFileType = sourcecode.c.objc; name = CXMLDocument_PrivateExtensions.m; path = TouchXML/CXMLDocument_PrivateExtensions.m; sourceTree = SOURCE_ROOT; };
		7E59D2DC1585E91B00D6192D /* CXMLDocument.h */ = {isa = PBXFileReference; fileEncoding = 4; lastKnownFileType = sourcecode.c.h; name = CXMLDocument.h; path = TouchXML/CXMLDocument.h; sourceTree = SOURCE_ROOT; };
		7E59D2DD1585E91B00D6192D /* CXMLDocument.m */ = {isa = PBXFileReference; fileEncoding = 4; lastKnownFileType = sourcecode.c.objc; name = CXMLDocument.m; path = TouchXML/CXMLDocument.m; sourceTree = SOURCE_ROOT; };
		7E59D2DE1585E91B00D6192D /* CXMLElement_CreationExtensions.h */ = {isa = PBXFileReference; fileEncoding = 4; lastKnownFileType = sourcecode.c.h; name = CXMLElement_CreationExtensions.h; path = TouchXML/CXMLElement_CreationExtensions.h; sourceTree = SOURCE_ROOT; };
		7E59D2DF1585E91B00D6192D /* CXMLElement_CreationExtensions.m */ = {isa = PBXFileReference; fileEncoding = 4; lastKnownFileType = sourcecode.c.objc; name = CXMLElement_CreationExtensions.m; path = TouchXML/CXMLElement_CreationExtensions.m; sourceTree = SOURCE_ROOT; };
		7E59D2E01585E91C00D6192D /* CXMLElement_ElementTreeExtensions.h */ = {isa = PBXFileReference; fileEncoding = 4; lastKnownFileType = sourcecode.c.h; name = CXMLElement_ElementTreeExtensions.h; path = TouchXML/CXMLElement_ElementTreeExtensions.h; sourceTree = SOURCE_ROOT; };
		7E59D2E11585E91C00D6192D /* CXMLElement_ElementTreeExtensions.m */ = {isa = PBXFileReference; fileEncoding = 4; lastKnownFileType = sourcecode.c.objc; name = CXMLElement_ElementTreeExtensions.m; path = TouchXML/CXMLElement_ElementTreeExtensions.m; sourceTree = SOURCE_ROOT; };
		7E59D2E21585E91C00D6192D /* CXMLElement.h */ = {isa = PBXFileReference; fileEncoding = 4; lastKnownFileType = sourcecode.c.h; name = CXMLElement.h; path = TouchXML/CXMLElement.h; sourceTree = SOURCE_ROOT; };
		7E59D2E31585E91C00D6192D /* CXMLElement.m */ = {isa = PBXFileReference; fileEncoding = 4; lastKnownFileType = sourcecode.c.objc; name = CXMLElement.m; path = TouchXML/CXMLElement.m; sourceTree = SOURCE_ROOT; };
		7E59D2E41585E91C00D6192D /* CXMLNamespaceNode.h */ = {isa = PBXFileReference; fileEncoding = 4; lastKnownFileType = sourcecode.c.h; name = CXMLNamespaceNode.h; path = TouchXML/CXMLNamespaceNode.h; sourceTree = SOURCE_ROOT; };
		7E59D2E51585E91C00D6192D /* CXMLNamespaceNode.m */ = {isa = PBXFileReference; fileEncoding = 4; lastKnownFileType = sourcecode.c.objc; name = CXMLNamespaceNode.m; path = TouchXML/CXMLNamespaceNode.m; sourceTree = SOURCE_ROOT; };
		7E59D2E61585E91C00D6192D /* CXMLNode_PrivateExtensions.h */ = {isa = PBXFileReference; fileEncoding = 4; lastKnownFileType = sourcecode.c.h; name = CXMLNode_PrivateExtensions.h; path = TouchXML/CXMLNode_PrivateExtensions.h; sourceTree = SOURCE_ROOT; };
		7E59D2E71585E91C00D6192D /* CXMLNode_PrivateExtensions.m */ = {isa = PBXFileReference; fileEncoding = 4; lastKnownFileType = sourcecode.c.objc; name = CXMLNode_PrivateExtensions.m; path = TouchXML/CXMLNode_PrivateExtensions.m; sourceTree = SOURCE_ROOT; };
		7E59D2E81585E91C00D6192D /* CXMLNode_XPathExtensions.h */ = {isa = PBXFileReference; fileEncoding = 4; lastKnownFileType = sourcecode.c.h; name = CXMLNode_XPathExtensions.h; path = TouchXML/CXMLNode_XPathExtensions.h; sourceTree = SOURCE_ROOT; };
		7E59D2E91585E91C00D6192D /* CXMLNode_XPathExtensions.m */ = {isa = PBXFileReference; fileEncoding = 4; lastKnownFileType = sourcecode.c.objc; name = CXMLNode_XPathExtensions.m; path = TouchXML/CXMLNode_XPathExtensions.m; sourceTree = SOURCE_ROOT; };
		7E59D2EA1585E91C00D6192D /* CXMLNode.h */ = {isa = PBXFileReference; fileEncoding = 4; lastKnownFileType = sourcecode.c.h; name = CXMLNode.h; path = TouchXML/CXMLNode.h; sourceTree = SOURCE_ROOT; };
		7E59D2EB1585E91C00D6192D /* CXMLNode.m */ = {isa = PBXFileReference; fileEncoding = 4; lastKnownFileType = sourcecode.c.objc; name = CXMLNode.m; path = TouchXML/CXMLNode.m; sourceTree = SOURCE_ROOT; };
		7E59D2EC1585E91C00D6192D /* TouchXML.h */ = {isa = PBXFileReference; fileEncoding = 4; lastKnownFileType = sourcecode.c.h; name = TouchXML.h; path = TouchXML/TouchXML.h; sourceTree = SOURCE_ROOT; };
		7E59D3031585E93000D6192D /* CXMLDocument_CreationExtensions.h */ = {isa = PBXFileReference; fileEncoding = 4; lastKnownFileType = sourcecode.c.h; name = CXMLDocument_CreationExtensions.h; path = TouchXML/Creation/CXMLDocument_CreationExtensions.h; sourceTree = SOURCE_ROOT; };
		7E59D3041585E93000D6192D /* CXMLDocument_CreationExtensions.m */ = {isa = PBXFileReference; fileEncoding = 4; lastKnownFileType = sourcecode.c.objc; name = CXMLDocument_CreationExtensions.m; path = TouchXML/Creation/CXMLDocument_CreationExtensions.m; sourceTree = SOURCE_ROOT; };
		7E59D3051585E93000D6192D /* CXMLNode_CreationExtensions.h */ = {isa = PBXFileReference; fileEncoding = 4; lastKnownFileType = sourcecode.c.h; name = CXMLNode_CreationExtensions.h; path = TouchXML/Creation/CXMLNode_CreationExtensions.h; sourceTree = SOURCE_ROOT; };
		7E59D3061585E93000D6192D /* CXMLNode_CreationExtensions.m */ = {isa = PBXFileReference; fileEncoding = 4; lastKnownFileType = sourcecode.c.objc; name = CXMLNode_CreationExtensions.m; path = TouchXML/Creation/CXMLNode_CreationExtensions.m; sourceTree = SOURCE_ROOT; };
		7E59D30B1585E93C00D6192D /* CTidy.h */ = {isa = PBXFileReference; fileEncoding = 4; lastKnownFileType = sourcecode.c.h; name = CTidy.h; path = TouchXML/Tidy/CTidy.h; sourceTree = SOURCE_ROOT; };
		7E59D30C1585E93C00D6192D /* CTidy.m */ = {isa = PBXFileReference; fileEncoding = 4; lastKnownFileType = sourcecode.c.objc; name = CTidy.m; path = TouchXML/Tidy/CTidy.m; sourceTree = SOURCE_ROOT; };
/* End PBXFileReference section */

/* Begin PBXFrameworksBuildPhase section */
		1B0E82371563882000825E3C /* Frameworks */ = {
			isa = PBXFrameworksBuildPhase;
			buildActionMask = 2147483647;
			files = (
				1B0E823B1563882000825E3C /* Foundation.framework in Frameworks */,
			);
			runOnlyForDeploymentPostprocessing = 0;
		};
		451E6E2F1152EB4A0024ABA5 /* Frameworks */ = {
			isa = PBXFrameworksBuildPhase;
			buildActionMask = 2147483647;
			files = (
				451E6E4C1152EBB60024ABA5 /* Cocoa.framework in Frameworks */,
			);
			runOnlyForDeploymentPostprocessing = 0;
		};
		456A84890D81DB06000E29C9 /* Frameworks */ = {
			isa = PBXFrameworksBuildPhase;
			buildActionMask = 2147483647;
			files = (
				456A848D0D81DB25000E29C9 /* Foundation.framework in Frameworks */,
			);
			runOnlyForDeploymentPostprocessing = 0;
		};
		457940FC0D82217800EB2D22 /* Frameworks */ = {
			isa = PBXFrameworksBuildPhase;
			buildActionMask = 2147483647;
			files = (
				457941650D82264700EB2D22 /* Foundation.framework in Frameworks */,
				456A5ED10D9F4E4800D1D9CE /* SenTestingKit.framework in Frameworks */,
			);
			runOnlyForDeploymentPostprocessing = 0;
		};
/* End PBXFrameworksBuildPhase section */

/* Begin PBXGroup section */
		19C28FACFE9D520D11CA2CBB /* Products */ = {
			isa = PBXGroup;
			children = (
				457940FF0D82217800EB2D22 /* TouchXML_UnitTests.octest */,
				451E6E311152EB4A0024ABA5 /* Validator.app */,
				1B0E823A1563882000825E3C /* libTouchXMLiOS.a */,
			);
			name = Products;
			sourceTree = "<group>";
		};
		1B0E823C1563882000825E3C /* TouchXMLiOS */ = {
			isa = PBXGroup;
			children = (
				1B0E823F1563882000825E3C /* TouchXMLiOS.h */,
				1B0E82401563882000825E3C /* TouchXMLiOS.m */,
				1B0E823D1563882000825E3C /* Supporting Files */,
			);
			path = TouchXMLiOS;
			sourceTree = "<group>";
		};
		1B0E823D1563882000825E3C /* Supporting Files */ = {
			isa = PBXGroup;
			children = (
				1B0E823E1563882000825E3C /* TouchXMLiOS-Prefix.pch */,
			);
			name = "Supporting Files";
			sourceTree = "<group>";
		};
		29B97314FDCFA39411CA2CEA /* CustomTemplate */ = {
			isa = PBXGroup;
			children = (
				457940EA0D82214700EB2D22 /* Source */,
				457940E70D82214700EB2D22 /* UnitTests */,
				451E6E441152EB790024ABA5 /* Validator */,
				1B0E823C1563882000825E3C /* TouchXMLiOS */,
				29B97323FDCFA39411CA2CEA /* Frameworks */,
				19C28FACFE9D520D11CA2CBB /* Products */,
			);
			name = CustomTemplate;
			sourceTree = "<group>";
		};
		29B97323FDCFA39411CA2CEA /* Frameworks */ = {
			isa = PBXGroup;
			children = (
				451E6E4B1152EBB60024ABA5 /* Cocoa.framework */,
				1D30AB110D05D00D00671497 /* Foundation.framework */,
				456A5ED00D9F4E4800D1D9CE /* SenTestingKit.framework */,
			);
			name = Frameworks;
			sourceTree = "<group>";
		};
		45045CA3121E47ED00BD4662 /* Demo */ = {
			isa = PBXGroup;
			children = (
				45045CA4121E47ED00BD4662 /* CXMLNode_Debugging.h */,
				45045CA5121E47ED00BD4662 /* CXMLNode_Debugging.m */,
				45045CA6121E47ED00BD4662 /* main.m */,
				45045CA7121E47ED00BD4662 /* Prefix.pch */,
			);
			name = Demo;
			path = Support/Demo;
			sourceTree = SOURCE_ROOT;
		};
		451E6E441152EB790024ABA5 /* Validator */ = {
			isa = PBXGroup;
			children = (
				451E6E451152EB790024ABA5 /* Info.plist */,
				451E6E491152EB9F0024ABA5 /* main.m */,
				451E6EE21152EBF70024ABA5 /* MainMenu.xib */,
				451E6EFB1152EC5B0024ABA5 /* CMainController.h */,
				451E6EFC1152EC5B0024ABA5 /* CMainController.m */,
			);
			name = Validator;
			path = Support/Validator;
			sourceTree = "<group>";
		};
		457940E70D82214700EB2D22 /* UnitTests */ = {
			isa = PBXGroup;
			children = (
				457940E80D82214700EB2D22 /* Source */,
				457941570D8225FC00EB2D22 /* Resources */,
			);
			name = UnitTests;
			path = Support/UnitTests;
			sourceTree = "<group>";
		};
		457940E80D82214700EB2D22 /* Source */ = {
			isa = PBXGroup;
			children = (
				457941200D8222CD00EB2D22 /* BasicTests.h */,
				457941210D8222CD00EB2D22 /* BasicTests.m */,
				458CE9190F9C0CE6009EF591 /* TidyTests.h */,
				458CE91A0F9C0CE6009EF591 /* TidyTests.m */,
				458CE9010F9C0C3D009EF591 /* Prefix.pch */,
				457943930D8248DC00EB2D22 /* XPath_Tests.h */,
				457943940D8248DC00EB2D22 /* XPath_Tests.m */,
				4526F4B20FBB52C200781DD8 /* EncodingTests.h */,
				4526F4B30FBB52C200781DD8 /* EncodingTests.m */,
				030E2696120115B3008B53A4 /* NamespaceTests.h */,
				030E2697120115B3008B53A4 /* NamespaceTests.m */,
			);
			path = Source;
			sourceTree = "<group>";
		};
		457940EA0D82214700EB2D22 /* Source */ = {
			isa = PBXGroup;
			children = (
				7E59D2D81585E91B00D6192D /* CXHTMLDocument.h */,
				7E59D2D91585E91B00D6192D /* CXHTMLDocument.m */,
				7E59D2DA1585E91B00D6192D /* CXMLDocument_PrivateExtensions.h */,
				7E59D2DB1585E91B00D6192D /* CXMLDocument_PrivateExtensions.m */,
				7E59D2DC1585E91B00D6192D /* CXMLDocument.h */,
				7E59D2DD1585E91B00D6192D /* CXMLDocument.m */,
				7E59D2DE1585E91B00D6192D /* CXMLElement_CreationExtensions.h */,
				7E59D2DF1585E91B00D6192D /* CXMLElement_CreationExtensions.m */,
				7E59D2E01585E91C00D6192D /* CXMLElement_ElementTreeExtensions.h */,
				7E59D2E11585E91C00D6192D /* CXMLElement_ElementTreeExtensions.m */,
				7E59D2E21585E91C00D6192D /* CXMLElement.h */,
				7E59D2E31585E91C00D6192D /* CXMLElement.m */,
				7E59D2E41585E91C00D6192D /* CXMLNamespaceNode.h */,
				7E59D2E51585E91C00D6192D /* CXMLNamespaceNode.m */,
				7E59D2E61585E91C00D6192D /* CXMLNode_PrivateExtensions.h */,
				7E59D2E71585E91C00D6192D /* CXMLNode_PrivateExtensions.m */,
				7E59D2E81585E91C00D6192D /* CXMLNode_XPathExtensions.h */,
				7E59D2E91585E91C00D6192D /* CXMLNode_XPathExtensions.m */,
				7E59D2EA1585E91C00D6192D /* CXMLNode.h */,
				7E59D2EB1585E91C00D6192D /* CXMLNode.m */,
				7E59D2EC1585E91C00D6192D /* TouchXML.h */,
				458CE9C40F9C12BB009EF591 /* Creation */,
				458CE9C90F9C12BB009EF591 /* Tidy */,
				45045CA3121E47ED00BD4662 /* Demo */,
			);
			path = Source;
			sourceTree = "<group>";
		};
		457941570D8225FC00EB2D22 /* Resources */ = {
			isa = PBXGroup;
			children = (
				457941580D8225FC00EB2D22 /* Info.plist */,
			);
			path = Resources;
			sourceTree = "<group>";
		};
		458CE9C40F9C12BB009EF591 /* Creation */ = {
			isa = PBXGroup;
			children = (
				7E59D3031585E93000D6192D /* CXMLDocument_CreationExtensions.h */,
				7E59D3041585E93000D6192D /* CXMLDocument_CreationExtensions.m */,
				7E59D3051585E93000D6192D /* CXMLNode_CreationExtensions.h */,
				7E59D3061585E93000D6192D /* CXMLNode_CreationExtensions.m */,
			);
			path = Creation;
			sourceTree = "<group>";
		};
		458CE9C90F9C12BB009EF591 /* Tidy */ = {
			isa = PBXGroup;
			children = (
				7E59D30B1585E93C00D6192D /* CTidy.h */,
				7E59D30C1585E93C00D6192D /* CTidy.m */,
			);
			path = Tidy;
			sourceTree = "<group>";
		};
/* End PBXGroup section */

/* Begin PBXHeadersBuildPhase section */
		1B0E82381563882000825E3C /* Headers */ = {
			isa = PBXHeadersBuildPhase;
			buildActionMask = 2147483647;
			files = (
				7E59D2ED1585E91C00D6192D /* CXHTMLDocument.h in Headers */,
				7E59D2EF1585E91C00D6192D /* CXMLDocument_PrivateExtensions.h in Headers */,
				7E59D2F11585E91C00D6192D /* CXMLDocument.h in Headers */,
				7E59D2F31585E91C00D6192D /* CXMLElement_CreationExtensions.h in Headers */,
				7E59D2F51585E91C00D6192D /* CXMLElement_ElementTreeExtensions.h in Headers */,
				7E59D2F71585E91C00D6192D /* CXMLElement.h in Headers */,
				7E59D2F91585E91C00D6192D /* CXMLNamespaceNode.h in Headers */,
				7E59D2FB1585E91C00D6192D /* CXMLNode_PrivateExtensions.h in Headers */,
				7E59D2FD1585E91C00D6192D /* CXMLNode_XPathExtensions.h in Headers */,
				7E59D2FF1585E91C00D6192D /* CXMLNode.h in Headers */,
				7E59D3011585E91C00D6192D /* TouchXML.h in Headers */,
				7E59D3071585E93000D6192D /* CXMLDocument_CreationExtensions.h in Headers */,
				7E59D3091585E93000D6192D /* CXMLNode_CreationExtensions.h in Headers */,
				7E59D30D1585E93C00D6192D /* CTidy.h in Headers */,
			);
			runOnlyForDeploymentPostprocessing = 0;
		};
/* End PBXHeadersBuildPhase section */

/* Begin PBXNativeTarget section */
		1B0E82391563882000825E3C /* TouchXMLiOS */ = {
			isa = PBXNativeTarget;
			buildConfigurationList = 1B0E82451563882000825E3C /* Build configuration list for PBXNativeTarget "TouchXMLiOS" */;
			buildPhases = (
				1B0E82361563882000825E3C /* Sources */,
				1B0E82371563882000825E3C /* Frameworks */,
				1B0E82381563882000825E3C /* Headers */,
			);
			buildRules = (
			);
			dependencies = (
			);
			name = TouchXMLiOS;
			productName = TouchXMLiOS;
			productReference = 1B0E823A1563882000825E3C /* libTouchXMLiOS.a */;
			productType = "com.apple.product-type.library.static";
		};
		451E6E301152EB4A0024ABA5 /* Validator */ = {
			isa = PBXNativeTarget;
			buildConfigurationList = 451E6E391152EB4B0024ABA5 /* Build configuration list for PBXNativeTarget "Validator" */;
			buildPhases = (
				451E6E2D1152EB4A0024ABA5 /* Resources */,
				451E6E2E1152EB4A0024ABA5 /* Sources */,
				451E6E2F1152EB4A0024ABA5 /* Frameworks */,
			);
			buildRules = (
			);
			dependencies = (
			);
			name = Validator;
			productName = Validator;
			productReference = 451E6E311152EB4A0024ABA5 /* Validator.app */;
			productType = "com.apple.product-type.application";
		};
		456A848A0D81DB06000E29C9 /* TouchXML_Demo */ = {
			isa = PBXNativeTarget;
			buildConfigurationList = 456A84D90D81DB2E000E29C9 /* Build configuration list for PBXNativeTarget "TouchXML_Demo" */;
			buildPhases = (
				456A84880D81DB06000E29C9 /* Sources */,
				456A84890D81DB06000E29C9 /* Frameworks */,
			);
			buildRules = (
			);
			dependencies = (
			);
			name = TouchXML_Demo;
			productName = "Mac OS X";
			productType = "com.apple.product-type.tool";
		};
		457940FE0D82217800EB2D22 /* TouchXML_UnitTests */ = {
			isa = PBXNativeTarget;
			buildConfigurationList = 457941030D82217800EB2D22 /* Build configuration list for PBXNativeTarget "TouchXML_UnitTests" */;
			buildPhases = (
				457940FA0D82217800EB2D22 /* Resources */,
				457940FB0D82217800EB2D22 /* Sources */,
				457940FC0D82217800EB2D22 /* Frameworks */,
				457940FD0D82217800EB2D22 /* ShellScript */,
			);
			buildRules = (
			);
			dependencies = (
			);
			name = TouchXML_UnitTests;
			productName = TouchXML_UnitTests;
			productReference = 457940FF0D82217800EB2D22 /* TouchXML_UnitTests.octest */;
			productType = "com.apple.product-type.bundle";
		};
/* End PBXNativeTarget section */

/* Begin PBXProject section */
		29B97313FDCFA39411CA2CEA /* Project object */ = {
			isa = PBXProject;
			attributes = {
				LastUpgradeCheck = 0420;
			};
			buildConfigurationList = C01FCF4E08A954540054247B /* Build configuration list for PBXProject "TouchXML" */;
			compatibilityVersion = "Xcode 3.2";
			developmentRegion = English;
			hasScannedForEncodings = 1;
			knownRegions = (
				English,
				Japanese,
				French,
				German,
			);
			mainGroup = 29B97314FDCFA39411CA2CEA /* CustomTemplate */;
			projectDirPath = "";
			projectRoot = "";
			targets = (
				457941040D82219400EB2D22 /* All */,
				456A848A0D81DB06000E29C9 /* TouchXML_Demo */,
				457940FE0D82217800EB2D22 /* TouchXML_UnitTests */,
				451E6E301152EB4A0024ABA5 /* Validator */,
				1B0E82391563882000825E3C /* TouchXMLiOS */,
			);
		};
/* End PBXProject section */

/* Begin PBXResourcesBuildPhase section */
		451E6E2D1152EB4A0024ABA5 /* Resources */ = {
			isa = PBXResourcesBuildPhase;
			buildActionMask = 2147483647;
			files = (
				451E6EE31152EBF70024ABA5 /* MainMenu.xib in Resources */,
			);
			runOnlyForDeploymentPostprocessing = 0;
		};
		457940FA0D82217800EB2D22 /* Resources */ = {
			isa = PBXResourcesBuildPhase;
			buildActionMask = 2147483647;
			files = (
			);
			runOnlyForDeploymentPostprocessing = 0;
		};
/* End PBXResourcesBuildPhase section */

/* Begin PBXShellScriptBuildPhase section */
		457940FD0D82217800EB2D22 /* ShellScript */ = {
			isa = PBXShellScriptBuildPhase;
			buildActionMask = 2147483647;
			files = (
			);
			inputPaths = (
			);
			outputPaths = (
			);
			runOnlyForDeploymentPostprocessing = 0;
			shellPath = /bin/sh;
			shellScript = "# Run the unit tests in this test bundle.\n\"${SYSTEM_DEVELOPER_DIR}/Tools/RunUnitTests\"\n\n # Run gcov on the framework getting tested\nif [ \"${CONFIGURATION}\" = 'Coverage' ]; then\n\techo '##########################################################################'\n\tCOVERAGE_OUTPUT_DIR=${SRCROOT}/Coverage\n\techo \"${COVERAGE_OUTPUT_DIR}\"\n\tmkdir -p \"${COVERAGE_OUTPUT_DIR}\"\n\tpushd \"${OBJECT_FILE_DIR_normal}/${CURRENT_ARCH}\"\n\tpwd\n\tfind . -name '*.gcda' -exec gcov {} \\;\n\tfind . -name '*.gcov' -exec mv {} \"${COVERAGE_OUTPUT_DIR}\" \\;\n\tpopd\n\techo '##########################################################################'\nfi \n";
		};
/* End PBXShellScriptBuildPhase section */

/* Begin PBXSourcesBuildPhase section */
		1B0E82361563882000825E3C /* Sources */ = {
			isa = PBXSourcesBuildPhase;
			buildActionMask = 2147483647;
			files = (
				1B0E82411563882000825E3C /* TouchXMLiOS.m in Sources */,
				7E59D2EE1585E91C00D6192D /* CXHTMLDocument.m in Sources */,
				7E59D2F01585E91C00D6192D /* CXMLDocument_PrivateExtensions.m in Sources */,
				7E59D2F21585E91C00D6192D /* CXMLDocument.m in Sources */,
				7E59D2F41585E91C00D6192D /* CXMLElement_CreationExtensions.m in Sources */,
				7E59D2F61585E91C00D6192D /* CXMLElement_ElementTreeExtensions.m in Sources */,
				7E59D2F81585E91C00D6192D /* CXMLElement.m in Sources */,
				7E59D2FA1585E91C00D6192D /* CXMLNamespaceNode.m in Sources */,
				7E59D2FC1585E91C00D6192D /* CXMLNode_PrivateExtensions.m in Sources */,
				7E59D2FE1585E91C00D6192D /* CXMLNode_XPathExtensions.m in Sources */,
				7E59D3001585E91C00D6192D /* CXMLNode.m in Sources */,
				7E59D3081585E93000D6192D /* CXMLDocument_CreationExtensions.m in Sources */,
				7E59D30A1585E93000D6192D /* CXMLNode_CreationExtensions.m in Sources */,
				7E59D30E1585E93C00D6192D /* CTidy.m in Sources */,
			);
			runOnlyForDeploymentPostprocessing = 0;
		};
		451E6E2E1152EB4A0024ABA5 /* Sources */ = {
			isa = PBXSourcesBuildPhase;
			buildActionMask = 2147483647;
			files = (
				451E6E4A1152EB9F0024ABA5 /* main.m in Sources */,
				451E6EFD1152EC5B0024ABA5 /* CMainController.m in Sources */,
			);
			runOnlyForDeploymentPostprocessing = 0;
		};
		456A84880D81DB06000E29C9 /* Sources */ = {
			isa = PBXSourcesBuildPhase;
			buildActionMask = 2147483647;
			files = (
				45045CA8121E47ED00BD4662 /* CXMLNode_Debugging.m in Sources */,
				45045CA9121E47ED00BD4662 /* main.m in Sources */,
			);
			runOnlyForDeploymentPostprocessing = 0;
		};
		457940FB0D82217800EB2D22 /* Sources */ = {
			isa = PBXSourcesBuildPhase;
			buildActionMask = 2147483647;
			files = (
				457941220D8222CD00EB2D22 /* BasicTests.m in Sources */,
				457943950D8248DC00EB2D22 /* XPath_Tests.m in Sources */,
				4526F4B40FBB52C200781DD8 /* EncodingTests.m in Sources */,
				030E2698120115B3008B53A4 /* NamespaceTests.m in Sources */,
			);
			runOnlyForDeploymentPostprocessing = 0;
		};
/* End PBXSourcesBuildPhase section */

/* Begin PBXTargetDependency section */
		451E6F711152F68B0024ABA5 /* PBXTargetDependency */ = {
			isa = PBXTargetDependency;
			target = 451E6E301152EB4A0024ABA5 /* Validator */;
			targetProxy = 451E6F701152F68B0024ABA5 /* PBXContainerItemProxy */;
		};
		457941080D82219E00EB2D22 /* PBXTargetDependency */ = {
			isa = PBXTargetDependency;
			target = 456A848A0D81DB06000E29C9 /* TouchXML_Demo */;
			targetProxy = 457941070D82219E00EB2D22 /* PBXContainerItemProxy */;
		};
		4579410A0D8221A100EB2D22 /* PBXTargetDependency */ = {
			isa = PBXTargetDependency;
			target = 457940FE0D82217800EB2D22 /* TouchXML_UnitTests */;
			targetProxy = 457941090D8221A100EB2D22 /* PBXContainerItemProxy */;
		};
/* End PBXTargetDependency section */

/* Begin XCBuildConfiguration section */
		1B0E82421563882000825E3C /* Debug */ = {
			isa = XCBuildConfiguration;
			buildSettings = {
				ARCHS = "$(ARCHS_STANDARD_32_BIT)";
				COPY_PHASE_STRIP = NO;
				DSTROOT = /tmp/TouchXMLiOS.dst;
				GCC_DYNAMIC_NO_PIC = NO;
				GCC_OPTIMIZATION_LEVEL = 0;
				GCC_PRECOMPILE_PREFIX_HEADER = YES;
				GCC_PREFIX_HEADER = "TouchXMLiOS/TouchXMLiOS-Prefix.pch";
				GCC_PREPROCESSOR_DEFINITIONS = (
					"DEBUG=1",
					"$(inherited)",
				);
				GCC_SYMBOLS_PRIVATE_EXTERN = NO;
				GCC_VERSION = com.apple.compilers.llvm.clang.1_0;
				GCC_WARN_UNINITIALIZED_AUTOS = YES;
				IPHONEOS_DEPLOYMENT_TARGET = 5.0;
				OTHER_LDFLAGS = "-ObjC";
				PRODUCT_NAME = "$(TARGET_NAME)";
				SDKROOT = iphoneos;
				SKIP_INSTALL = YES;
			};
			name = Debug;
		};
		1B0E82431563882000825E3C /* Release */ = {
			isa = XCBuildConfiguration;
			buildSettings = {
				ALWAYS_SEARCH_USER_PATHS = NO;
				ARCHS = "$(ARCHS_STANDARD_32_BIT)";
				COPY_PHASE_STRIP = YES;
				DSTROOT = /tmp/TouchXMLiOS.dst;
				GCC_PRECOMPILE_PREFIX_HEADER = YES;
				GCC_PREFIX_HEADER = "TouchXMLiOS/TouchXMLiOS-Prefix.pch";
				GCC_VERSION = com.apple.compilers.llvm.clang.1_0;
				GCC_WARN_ABOUT_RETURN_TYPE = YES;
				GCC_WARN_UNINITIALIZED_AUTOS = YES;
				GCC_WARN_UNUSED_VARIABLE = YES;
				IPHONEOS_DEPLOYMENT_TARGET = 5.0;
				OTHER_LDFLAGS = "-ObjC";
				PRODUCT_NAME = "$(TARGET_NAME)";
				SDKROOT = iphoneos;
				SKIP_INSTALL = YES;
				VALIDATE_PRODUCT = YES;
			};
			name = Release;
		};
		1B0E82441563882000825E3C /* Coverage */ = {
			isa = XCBuildConfiguration;
			buildSettings = {
				ALWAYS_SEARCH_USER_PATHS = NO;
				ARCHS = "$(ARCHS_STANDARD_32_BIT)";
				COPY_PHASE_STRIP = YES;
				DSTROOT = /tmp/TouchXMLiOS.dst;
				GCC_PRECOMPILE_PREFIX_HEADER = YES;
				GCC_PREFIX_HEADER = "TouchXMLiOS/TouchXMLiOS-Prefix.pch";
				GCC_VERSION = com.apple.compilers.llvm.clang.1_0;
				GCC_WARN_ABOUT_RETURN_TYPE = YES;
				GCC_WARN_UNINITIALIZED_AUTOS = YES;
				GCC_WARN_UNUSED_VARIABLE = YES;
				IPHONEOS_DEPLOYMENT_TARGET = 5.0;
				OTHER_LDFLAGS = "-ObjC";
				PRODUCT_NAME = "$(TARGET_NAME)";
				SDKROOT = iphoneos;
				SKIP_INSTALL = YES;
				VALIDATE_PRODUCT = YES;
			};
			name = Coverage;
		};
		451E6E361152EB4B0024ABA5 /* Debug */ = {
			isa = XCBuildConfiguration;
			buildSettings = {
				ALWAYS_SEARCH_USER_PATHS = NO;
				COPY_PHASE_STRIP = NO;
				GCC_DYNAMIC_NO_PIC = NO;
				GCC_MODEL_TUNING = G5;
				GCC_OPTIMIZATION_LEVEL = 0;
				GCC_PRECOMPILE_PREFIX_HEADER = YES;
				GCC_PREFIX_HEADER = "$(SYSTEM_LIBRARY_DIR)/Frameworks/AppKit.framework/Headers/AppKit.h";
				GCC_VERSION = com.apple.compilers.llvm.clang.1_0;
				HEADER_SEARCH_PATHS = (
					/usr/include/tidy,
					./Source,
					"/usr/include/libxml2/**",
				);
				INFOPLIST_FILE = Support/Validator/Info.plist;
				INSTALL_PATH = "$(HOME)/Applications";
				OTHER_LDFLAGS = (
					"-lxml2",
					"-ltidy",
				);
				PRODUCT_NAME = Validator;
			};
			name = Debug;
		};
		451E6E371152EB4B0024ABA5 /* Release */ = {
			isa = XCBuildConfiguration;
			buildSettings = {
				ALWAYS_SEARCH_USER_PATHS = NO;
				COPY_PHASE_STRIP = YES;
				DEBUG_INFORMATION_FORMAT = "dwarf-with-dsym";
				GCC_MODEL_TUNING = G5;
				GCC_PRECOMPILE_PREFIX_HEADER = YES;
				GCC_PREFIX_HEADER = "$(SYSTEM_LIBRARY_DIR)/Frameworks/AppKit.framework/Headers/AppKit.h";
				GCC_VERSION = com.apple.compilers.llvm.clang.1_0;
				HEADER_SEARCH_PATHS = (
					/usr/include/tidy,
					./Source,
					"/usr/include/libxml2/**",
				);
				INFOPLIST_FILE = Support/Validator/Info.plist;
				INSTALL_PATH = "$(HOME)/Applications";
				OTHER_LDFLAGS = (
					"-lxml2",
					"-ltidy",
				);
				PRODUCT_NAME = Validator;
				ZERO_LINK = NO;
			};
			name = Release;
		};
		451E6E381152EB4B0024ABA5 /* Coverage */ = {
			isa = XCBuildConfiguration;
			buildSettings = {
				ALWAYS_SEARCH_USER_PATHS = NO;
				GCC_MODEL_TUNING = G5;
				GCC_PRECOMPILE_PREFIX_HEADER = YES;
				GCC_PREFIX_HEADER = "$(SYSTEM_LIBRARY_DIR)/Frameworks/AppKit.framework/Headers/AppKit.h";
				GCC_VERSION = com.apple.compilers.llvm.clang.1_0;
				HEADER_SEARCH_PATHS = (
					/usr/include/tidy,
					./Source,
					"/usr/include/libxml2/**",
				);
				INFOPLIST_FILE = Support/Validator/Info.plist;
				INSTALL_PATH = "$(HOME)/Applications";
				OTHER_LDFLAGS = (
					"-lxml2",
					"-ltidy",
				);
				PRODUCT_NAME = Validator;
			};
			name = Coverage;
		};
		4533AB090DA4203C0028B909 /* Coverage */ = {
			isa = XCBuildConfiguration;
			buildSettings = {
				ALWAYS_SEARCH_USER_PATHS = NO;
				ARCHS = "$(ARCHS_STANDARD_64_BIT)";
				"CODE_SIGN_IDENTITY[sdk=aspen*]" = "iPhone Developer";
				GCC_GENERATE_TEST_COVERAGE_FILES = YES;
				GCC_INSTRUMENT_PROGRAM_FLOW_ARCS = YES;
				GCC_WARN_ABOUT_RETURN_TYPE = YES;
				GCC_WARN_UNUSED_VARIABLE = YES;
				HEADER_SEARCH_PATHS = (
					"/usr/include/libxml2/**",
					.,
				);
				ONLY_ACTIVE_ARCH = YES;
				OTHER_LDFLAGS = "-lgcov";
				RUN_CLANG_STATIC_ANALYZER = YES;
				SDKROOT = "";
			};
			name = Coverage;
		};
		4533AB0A0DA4203C0028B909 /* Coverage */ = {
			isa = XCBuildConfiguration;
			buildSettings = {
				COPY_PHASE_STRIP = NO;
				GCC_DYNAMIC_NO_PIC = NO;
				GCC_OPTIMIZATION_LEVEL = 0;
				PRODUCT_NAME = All;
			};
			name = Coverage;
		};
		4533AB0B0DA4203C0028B909 /* Coverage */ = {
			isa = XCBuildConfiguration;
			buildSettings = {
				ALWAYS_SEARCH_USER_PATHS = NO;
				ARCHS = "$(ARCHS_STANDARD_64_BIT)";
				COPY_PHASE_STRIP = NO;
				GCC_DYNAMIC_NO_PIC = NO;
				GCC_MODEL_TUNING = G5;
				GCC_OPTIMIZATION_LEVEL = 0;
				GCC_PRECOMPILE_PREFIX_HEADER = YES;
				GCC_PREFIX_HEADER = "$(SYSTEM_LIBRARY_DIR)/Frameworks/Foundation.framework/Headers/Foundation.h";
				GCC_VERSION = com.apple.compilers.llvm.clang.1_0;
				HEADER_SEARCH_PATHS = (
					./Source,
					"/usr/include/libxml2/**",
				);
				INSTALL_PATH = /usr/local/bin;
				OTHER_LDFLAGS = (
					"-lxml2",
					"-ltidy",
				);
				PRODUCT_NAME = TouchXML_Demo;
			};
			name = Coverage;
		};
		4533AB0C0DA4203C0028B909 /* Coverage */ = {
			isa = XCBuildConfiguration;
			buildSettings = {
				ALWAYS_SEARCH_USER_PATHS = NO;
				ARCHS = "$(NATIVE_ARCH)";
				COPY_PHASE_STRIP = NO;
				FRAMEWORK_SEARCH_PATHS = "$(DEVELOPER_LIBRARY_DIR)/Frameworks";
				GCC_C_LANGUAGE_STANDARD = gnu99;
				GCC_DYNAMIC_NO_PIC = NO;
				GCC_ENABLE_OBJC_EXCEPTIONS = YES;
				GCC_MODEL_TUNING = G5;
				GCC_OPTIMIZATION_LEVEL = 0;
				GCC_PRECOMPILE_PREFIX_HEADER = YES;
				GCC_PREFIX_HEADER = "$(SYSTEM_LIBRARY_DIR)/Frameworks/Foundation.framework/Headers/Foundation.h";
				GCC_VERSION = com.apple.compilers.llvm.clang.1_0;
				HEADER_SEARCH_PATHS = (
					"/usr/include/libxml2/**",
					./Source,
				);
				INFOPLIST_FILE = Support/UnitTests/Resources/Info.plist;
				INSTALL_PATH = "$(USER_LIBRARY_DIR)/Bundles";
				OTHER_LDFLAGS = (
					"-lxml2",
					"-ltidy",
				);
				PRODUCT_NAME = TouchXML_UnitTests;
				WRAPPER_EXTENSION = octest;
			};
			name = Coverage;
		};
		456A848B0D81DB06000E29C9 /* Debug */ = {
			isa = XCBuildConfiguration;
			buildSettings = {
				ALWAYS_SEARCH_USER_PATHS = NO;
				ARCHS = "$(ARCHS_STANDARD_64_BIT)";
				COPY_PHASE_STRIP = NO;
				GCC_DYNAMIC_NO_PIC = NO;
				GCC_MODEL_TUNING = G5;
				GCC_OPTIMIZATION_LEVEL = 0;
				GCC_PRECOMPILE_PREFIX_HEADER = YES;
				GCC_PREFIX_HEADER = "$(SYSTEM_LIBRARY_DIR)/Frameworks/Foundation.framework/Headers/Foundation.h";
				GCC_VERSION = com.apple.compilers.llvm.clang.1_0;
				HEADER_SEARCH_PATHS = (
					./Source,
					"/usr/include/libxml2/**",
				);
				INSTALL_PATH = /usr/local/bin;
				OTHER_LDFLAGS = (
					"-lxml2",
					"-ltidy",
				);
				PRODUCT_NAME = TouchXML_Demo;
			};
			name = Debug;
		};
		456A848C0D81DB06000E29C9 /* Release */ = {
			isa = XCBuildConfiguration;
			buildSettings = {
				ALWAYS_SEARCH_USER_PATHS = NO;
				ARCHS = "$(ARCHS_STANDARD_64_BIT)";
				COPY_PHASE_STRIP = YES;
				DEBUG_INFORMATION_FORMAT = "dwarf-with-dsym";
				GCC_MODEL_TUNING = G5;
				GCC_PRECOMPILE_PREFIX_HEADER = YES;
				GCC_PREFIX_HEADER = "$(SYSTEM_LIBRARY_DIR)/Frameworks/Foundation.framework/Headers/Foundation.h";
				GCC_VERSION = com.apple.compilers.llvm.clang.1_0;
				HEADER_SEARCH_PATHS = (
					./Source,
					"/usr/include/libxml2/**",
				);
				INSTALL_PATH = /usr/local/bin;
				OTHER_LDFLAGS = (
					"-lxml2",
					"-ltidy",
				);
				PRODUCT_NAME = TouchXML_Demo;
				ZERO_LINK = NO;
			};
			name = Release;
		};
		457941010D82217800EB2D22 /* Debug */ = {
			isa = XCBuildConfiguration;
			buildSettings = {
				ALWAYS_SEARCH_USER_PATHS = NO;
				ARCHS = "$(NATIVE_ARCH)";
				COPY_PHASE_STRIP = NO;
				FRAMEWORK_SEARCH_PATHS = "$(DEVELOPER_LIBRARY_DIR)/Frameworks";
				GCC_C_LANGUAGE_STANDARD = gnu99;
				GCC_DYNAMIC_NO_PIC = NO;
				GCC_ENABLE_OBJC_EXCEPTIONS = YES;
				GCC_MODEL_TUNING = G5;
				GCC_OPTIMIZATION_LEVEL = 0;
				GCC_PRECOMPILE_PREFIX_HEADER = YES;
				GCC_PREFIX_HEADER = "$(SYSTEM_LIBRARY_DIR)/Frameworks/Foundation.framework/Headers/Foundation.h";
				GCC_VERSION = com.apple.compilers.llvm.clang.1_0;
				HEADER_SEARCH_PATHS = (
					"/usr/include/libxml2/**",
					./Source,
				);
				INFOPLIST_FILE = Support/UnitTests/Resources/Info.plist;
				INSTALL_PATH = "$(USER_LIBRARY_DIR)/Bundles";
				OTHER_LDFLAGS = (
					"-lxml2",
					"-ltidy",
				);
				PRODUCT_NAME = TouchXML_UnitTests;
				WRAPPER_EXTENSION = octest;
			};
			name = Debug;
		};
		457941020D82217800EB2D22 /* Release */ = {
			isa = XCBuildConfiguration;
			buildSettings = {
				ALWAYS_SEARCH_USER_PATHS = NO;
				ARCHS = "$(NATIVE_ARCH)";
				COPY_PHASE_STRIP = YES;
				DEBUG_INFORMATION_FORMAT = "dwarf-with-dsym";
				FRAMEWORK_SEARCH_PATHS = "$(DEVELOPER_LIBRARY_DIR)/Frameworks";
				GCC_C_LANGUAGE_STANDARD = gnu99;
				GCC_ENABLE_OBJC_EXCEPTIONS = YES;
				GCC_MODEL_TUNING = G5;
				GCC_PRECOMPILE_PREFIX_HEADER = YES;
				GCC_PREFIX_HEADER = "$(SYSTEM_LIBRARY_DIR)/Frameworks/Foundation.framework/Headers/Foundation.h";
				GCC_VERSION = com.apple.compilers.llvm.clang.1_0;
				HEADER_SEARCH_PATHS = (
					"/usr/include/libxml2/**",
					./Source,
				);
				INFOPLIST_FILE = Support/UnitTests/Resources/Info.plist;
				INSTALL_PATH = "$(USER_LIBRARY_DIR)/Bundles";
				OTHER_LDFLAGS = (
					"-lxml2",
					"-ltidy",
				);
				PRODUCT_NAME = TouchXML_UnitTests;
				WRAPPER_EXTENSION = octest;
				ZERO_LINK = NO;
			};
			name = Release;
		};
		457941050D82219400EB2D22 /* Debug */ = {
			isa = XCBuildConfiguration;
			buildSettings = {
				COPY_PHASE_STRIP = NO;
				GCC_DYNAMIC_NO_PIC = NO;
				GCC_OPTIMIZATION_LEVEL = 0;
				PRODUCT_NAME = All;
			};
			name = Debug;
		};
		457941060D82219400EB2D22 /* Release */ = {
			isa = XCBuildConfiguration;
			buildSettings = {
				COPY_PHASE_STRIP = YES;
				DEBUG_INFORMATION_FORMAT = "dwarf-with-dsym";
				PRODUCT_NAME = All;
				ZERO_LINK = NO;
			};
			name = Release;
		};
		C01FCF4F08A954540054247B /* Debug */ = {
			isa = XCBuildConfiguration;
			buildSettings = {
				ALWAYS_SEARCH_USER_PATHS = NO;
				ARCHS = "$(ARCHS_STANDARD_64_BIT)";
				"CODE_SIGN_IDENTITY[sdk=aspen*]" = "iPhone Developer";
				GCC_WARN_ABOUT_RETURN_TYPE = YES;
				GCC_WARN_UNUSED_VARIABLE = YES;
				HEADER_SEARCH_PATHS = (
					"/usr/include/libxml2/**",
					.,
				);
				ONLY_ACTIVE_ARCH = YES;
				RUN_CLANG_STATIC_ANALYZER = YES;
				SDKROOT = "";
			};
			name = Debug;
		};
		C01FCF5008A954540054247B /* Release */ = {
			isa = XCBuildConfiguration;
			buildSettings = {
				ARCHS = "$(ARCHS_STANDARD_64_BIT)";
				HEADER_SEARCH_PATHS = (
					"/usr/include/libxml2/**",
					.,
				);
				RUN_CLANG_STATIC_ANALYZER = YES;
				SDKROOT = "";
			};
			name = Release;
		};
/* End XCBuildConfiguration section */

/* Begin XCConfigurationList section */
		1B0E82451563882000825E3C /* Build configuration list for PBXNativeTarget "TouchXMLiOS" */ = {
			isa = XCConfigurationList;
			buildConfigurations = (
				1B0E82421563882000825E3C /* Debug */,
				1B0E82431563882000825E3C /* Release */,
				1B0E82441563882000825E3C /* Coverage */,
			);
			defaultConfigurationIsVisible = 0;
			defaultConfigurationName = Debug;
		};
		451E6E391152EB4B0024ABA5 /* Build configuration list for PBXNativeTarget "Validator" */ = {
			isa = XCConfigurationList;
			buildConfigurations = (
				451E6E361152EB4B0024ABA5 /* Debug */,
				451E6E371152EB4B0024ABA5 /* Release */,
				451E6E381152EB4B0024ABA5 /* Coverage */,
			);
			defaultConfigurationIsVisible = 0;
			defaultConfigurationName = Debug;
		};
		456A84D90D81DB2E000E29C9 /* Build configuration list for PBXNativeTarget "TouchXML_Demo" */ = {
			isa = XCConfigurationList;
			buildConfigurations = (
				456A848B0D81DB06000E29C9 /* Debug */,
				456A848C0D81DB06000E29C9 /* Release */,
				4533AB0B0DA4203C0028B909 /* Coverage */,
			);
			defaultConfigurationIsVisible = 0;
			defaultConfigurationName = Debug;
		};
		457941030D82217800EB2D22 /* Build configuration list for PBXNativeTarget "TouchXML_UnitTests" */ = {
			isa = XCConfigurationList;
			buildConfigurations = (
				457941010D82217800EB2D22 /* Debug */,
				457941020D82217800EB2D22 /* Release */,
				4533AB0C0DA4203C0028B909 /* Coverage */,
			);
			defaultConfigurationIsVisible = 0;
			defaultConfigurationName = Debug;
		};
		4579410B0D8221C000EB2D22 /* Build configuration list for PBXAggregateTarget "All" */ = {
			isa = XCConfigurationList;
			buildConfigurations = (
				457941050D82219400EB2D22 /* Debug */,
				457941060D82219400EB2D22 /* Release */,
				4533AB0A0DA4203C0028B909 /* Coverage */,
			);
			defaultConfigurationIsVisible = 0;
			defaultConfigurationName = Debug;
		};
		C01FCF4E08A954540054247B /* Build configuration list for PBXProject "TouchXML" */ = {
			isa = XCConfigurationList;
			buildConfigurations = (
				C01FCF4F08A954540054247B /* Debug */,
				C01FCF5008A954540054247B /* Release */,
				4533AB090DA4203C0028B909 /* Coverage */,
			);
			defaultConfigurationIsVisible = 0;
			defaultConfigurationName = Debug;
		};
/* End XCConfigurationList section */
	};
	rootObject = 29B97313FDCFA39411CA2CEA /* Project object */;
}
